Microsoft Visual Studio Solution File, Format Version 12.00
# Visual Studio Version 17
VisualStudioVersion = 17.5.2.0
MinimumVisualStudioVersion = 10.0.40219.1
Project("{2150E333-8FDC-42A3-9474-1A3956D46DE8}") = "docs", "docs", "{208BA388-4CEE-2CBF-559C-5607C099C1F8}"
EndProject
Project("{2150E333-8FDC-42A3-9474-1A3956D46DE8}") = "labs", "labs", "{45BD0B89-1B0D-26EB-B8E6-7D32D675A550}"
EndProject
Project("{2150E333-8FDC-42A3-9474-1A3956D46DE8}") = "02-classes-and-objects", "02-classes-and-objects", "{DABE0423-8C62-BAE1-9D49-45ED778BC51D}"
EndProject
Project("{2150E333-8FDC-42A3-9474-1A3956D46DE8}") = "code", "code", "{D4C61879-4706-2BB3-5978-35BEDDAF23AF}"
EndProject
Project("{FAE04EC0-301F-11D3-BF4B-00C04F79EFBC}") = "Circle", "docs\labs\02-classes-and-objects\code\Circle\Circle.csproj", "{D3313CA9-7F23-AEB6-9F88-5287B7E0F24B}"
EndProject
Global
	GlobalSection(SolutionConfigurationPlatforms) = preSolution
		Debug|Any CPU = Debug|Any CPU
		Release|Any CPU = Release|Any CPU
	EndGlobalSection
	GlobalSection(ProjectConfigurationPlatforms) = postSolution
		{D3313CA9-7F23-AEB6-9F88-5287B7E0F24B}.Debug|Any CPU.ActiveCfg = Debug|Any CPU
		{D3313CA9-7F23-AEB6-9F88-5287B7E0F24B}.Debug|Any CPU.Build.0 = Debug|Any CPU
		{D3313CA9-7F23-AEB6-9F88-5287B7E0F24B}.Release|Any CPU.ActiveCfg = Release|Any CPU
		{D3313CA9-7F23-AEB6-9F88-5287B7E0F24B}.Release|Any CPU.Build.0 = Release|Any CPU
	EndGlobalSection
	GlobalSection(SolutionProperties) = preSolution
		HideSolutionNode = FALSE
	EndGlobalSection
	GlobalSection(NestedProjects) = preSolution
		{45BD0B89-1B0D-26EB-B8E6-7D32D675A550} = {208BA388-4CEE-2CBF-559C-5607C099C1F8}
		{DABE0423-8C62-BAE1-9D49-45ED778BC51D} = {45BD0B89-1B0D-26EB-B8E6-7D32D675A550}
		{D4C61879-4706-2BB3-5978-35BEDDAF23AF} = {DABE0423-8C62-BAE1-9D49-45ED778BC51D}
		{D3313CA9-7F23-AEB6-9F88-5287B7E0F24B} = {D4C61879-4706-2BB3-5978-35BEDDAF23AF}
	EndGlobalSection
	GlobalSection(ExtensibilityGlobals) = postSolution
		SolutionGuid = {4246D163-71DA-47FC-81C8-D3E2A7FFA446}
	EndGlobalSection
EndGlobal
